
Microsoft Visual Studio Solution File, Format Version 12.00
# Visual Studio 2013
VisualStudioVersion = 12.0.31101.0
MinimumVisualStudioVersion = 10.0.40219.1
Project("{FAE04EC0-301F-11D3-BF4B-00C04F79EFBC}") = "TigerStudio.API", "TigerStudio.API\TigerStudio.API.csproj", "{5102FB08-72A8-40F1-BD26-084E26432CE8}"
EndProject
Project("{2150E333-8FDC-42A3-9474-1A3956D46DE8}") = "PublishScripts", "PublishScripts", "{E409D8AC-B0CD-4F36-BD1F-6F0B6A286F32}"
	ProjectSection(SolutionItems) = preProject
		PublishScripts\AzureWebsitePublishModule.psm1 = PublishScripts\AzureWebsitePublishModule.psm1
		PublishScripts\Publish-WebApplicationWebsite.ps1 = PublishScripts\Publish-WebApplicationWebsite.ps1
	EndProjectSection
EndProject
Project("{2150E333-8FDC-42A3-9474-1A3956D46DE8}") = "Configurations", "Configurations", "{14D8A31F-E4AE-469F-9694-7D54A7E6F1B0}"
	ProjectSection(SolutionItems) = preProject
		PublishScripts\Configurations\TigerStudioAPI-WAWS-dev.json = PublishScripts\Configurations\TigerStudioAPI-WAWS-dev.json
	EndProjectSection
EndProject
Project("{FAE04EC0-301F-11D3-BF4B-00C04F79EFBC}") = "TigerStudio.Framework", "TigerStudio\TigerStudio.Framework.csproj", "{B832A512-BF4C-4CB5-839D-6BEA05EBE0A9}"
EndProject
Project("{2150E333-8FDC-42A3-9474-1A3956D46DE8}") = ".nuget", ".nuget", "{D1EB4272-58F5-4428-B9B3-61ED23D2DDBF}"
	ProjectSection(SolutionItems) = preProject
		.nuget\NuGet.Config = .nuget\NuGet.Config
		.nuget\NuGet.exe = .nuget\NuGet.exe
		.nuget\NuGet.targets = .nuget\NuGet.targets
	EndProjectSection
EndProject
Project("{2150E333-8FDC-42A3-9474-1A3956D46DE8}") = "APIModules", "APIModules", "{715F9694-EFD0-4BC4-8E18-D0727A144171}"
EndProject
Project("{FAE04EC0-301F-11D3-BF4B-00C04F79EFBC}") = "TigerStudio.Users", "TigerStudio.API\Modules\TigerStudio.Users\TigerStudio.Users.csproj", "{31808348-D9F2-400E-8AEA-DF2E38D70DCD}"
EndProject
Project("{FAE04EC0-301F-11D3-BF4B-00C04F79EFBC}") = "TigerStudio.Books", "TigerStudio.API\Modules\TigerStudio.Books\TigerStudio.Books.csproj", "{BA7C1EFA-0B22-48FB-87C8-5A9DBBA6C7B9}"
EndProject
Project("{FAE04EC0-301F-11D3-BF4B-00C04F79EFBC}") = "TigerStudio.Wechat", "TigerStudio.API\Modules\TigerStudio.Wechat\TigerStudio.Wechat.csproj", "{7183E0D5-8504-4E86-9317-747E2CE5F84B}"
EndProject
Global
	GlobalSection(SolutionConfigurationPlatforms) = preSolution
		Debug|Any CPU = Debug|Any CPU
		Release|Any CPU = Release|Any CPU
	EndGlobalSection
	GlobalSection(ProjectConfigurationPlatforms) = postSolution
		{5102FB08-72A8-40F1-BD26-084E26432CE8}.Debug|Any CPU.ActiveCfg = Debug|Any CPU
		{5102FB08-72A8-40F1-BD26-084E26432CE8}.Debug|Any CPU.Build.0 = Debug|Any CPU
		{5102FB08-72A8-40F1-BD26-084E26432CE8}.Release|Any CPU.ActiveCfg = Release|Any CPU
		{5102FB08-72A8-40F1-BD26-084E26432CE8}.Release|Any CPU.Build.0 = Release|Any CPU
		{B832A512-BF4C-4CB5-839D-6BEA05EBE0A9}.Debug|Any CPU.ActiveCfg = Debug|Any CPU
		{B832A512-BF4C-4CB5-839D-6BEA05EBE0A9}.Debug|Any CPU.Build.0 = Debug|Any CPU
		{B832A512-BF4C-4CB5-839D-6BEA05EBE0A9}.Release|Any CPU.ActiveCfg = Release|Any CPU
		{B832A512-BF4C-4CB5-839D-6BEA05EBE0A9}.Release|Any CPU.Build.0 = Release|Any CPU
		{31808348-D9F2-400E-8AEA-DF2E38D70DCD}.Debug|Any CPU.ActiveCfg = Debug|Any CPU
		{31808348-D9F2-400E-8AEA-DF2E38D70DCD}.Debug|Any CPU.Build.0 = Debug|Any CPU
		{31808348-D9F2-400E-8AEA-DF2E38D70DCD}.Release|Any CPU.ActiveCfg = Release|Any CPU
		{31808348-D9F2-400E-8AEA-DF2E38D70DCD}.Release|Any CPU.Build.0 = Release|Any CPU
		{BA7C1EFA-0B22-48FB-87C8-5A9DBBA6C7B9}.Debug|Any CPU.ActiveCfg = Debug|Any CPU
		{BA7C1EFA-0B22-48FB-87C8-5A9DBBA6C7B9}.Debug|Any CPU.Build.0 = Debug|Any CPU
		{BA7C1EFA-0B22-48FB-87C8-5A9DBBA6C7B9}.Release|Any CPU.ActiveCfg = Release|Any CPU
		{BA7C1EFA-0B22-48FB-87C8-5A9DBBA6C7B9}.Release|Any CPU.Build.0 = Release|Any CPU
		{7183E0D5-8504-4E86-9317-747E2CE5F84B}.Debug|Any CPU.ActiveCfg = Debug|Any CPU
		{7183E0D5-8504-4E86-9317-747E2CE5F84B}.Debug|Any CPU.Build.0 = Debug|Any CPU
		{7183E0D5-8504-4E86-9317-747E2CE5F84B}.Release|Any CPU.ActiveCfg = Release|Any CPU
		{7183E0D5-8504-4E86-9317-747E2CE5F84B}.Release|Any CPU.Build.0 = Release|Any CPU
	EndGlobalSection
	GlobalSection(SolutionProperties) = preSolution
		HideSolutionNode = FALSE
	EndGlobalSection
	GlobalSection(NestedProjects) = preSolution
		{14D8A31F-E4AE-469F-9694-7D54A7E6F1B0} = {E409D8AC-B0CD-4F36-BD1F-6F0B6A286F32}
		{31808348-D9F2-400E-8AEA-DF2E38D70DCD} = {715F9694-EFD0-4BC4-8E18-D0727A144171}
		{BA7C1EFA-0B22-48FB-87C8-5A9DBBA6C7B9} = {715F9694-EFD0-4BC4-8E18-D0727A144171}
		{7183E0D5-8504-4E86-9317-747E2CE5F84B} = {715F9694-EFD0-4BC4-8E18-D0727A144171}
	EndGlobalSection
EndGlobal
